Microsoft Visual Studio Solution File, Format Version 12.00
# Visual Studio 14
Project("{8BC9CEB8-8B4A-11D0-8D11-00A0C91BC942}") = "ALL_BUILD", "ALL_BUILD.vcxproj", "{43CAA5CB-38F7-37DB-90EA-DE5C80A29622}"
	ProjectSection(ProjectDependencies) = postProject
		{12755ADC-BF04-3F5A-BE16-7E17B4BE8DD4} = {12755ADC-BF04-3F5A-BE16-7E17B4BE8DD4}
		{047DB76F-0698-3700-A7B3-D2FD88B30C9D} = {047DB76F-0698-3700-A7B3-D2FD88B30C9D}
		{12999487-6987-3B44-A79B-0FF6810681C0} = {12999487-6987-3B44-A79B-0FF6810681C0}
		{ACC0C227-C64E-35C8-9807-2650E10468D3} = {ACC0C227-C64E-35C8-9807-2650E10468D3}
		{A78B7BEC-C29F-3869-A1B6-35191AE66A8A} = {A78B7BEC-C29F-3869-A1B6-35191AE66A8A}
		{74E8C3DF-007D-3126-9ECE-7BAACABD4B3C} = {74E8C3DF-007D-3126-9ECE-7BAACABD4B3C}
	EndProjectSection
EndProject
Project("{8BC9CEB8-8B4A-11D0-8D11-00A0C91BC942}") = "ANTTWEAKBAR_116_OGLCORE_GLFW", "external\ANTTWEAKBAR_116_OGLCORE_GLFW.vcxproj", "{12755ADC-BF04-3F5A-BE16-7E17B4BE8DD4}"
	ProjectSection(ProjectDependencies) = postProject
		{0B848E27-8A69-36C4-B376-D790F9ED51E4} = {0B848E27-8A69-36C4-B376-D790F9ED51E4}
	EndProjectSection
EndProject
Project("{8BC9CEB8-8B4A-11D0-8D11-00A0C91BC942}") = "CG_UFPel", "CG_UFPel.vcxproj", "{047DB76F-0698-3700-A7B3-D2FD88B30C9D}"
	ProjectSection(ProjectDependencies) = postProject
		{12755ADC-BF04-3F5A-BE16-7E17B4BE8DD4} = {12755ADC-BF04-3F5A-BE16-7E17B4BE8DD4}
		{12999487-6987-3B44-A79B-0FF6810681C0} = {12999487-6987-3B44-A79B-0FF6810681C0}
		{ACC0C227-C64E-35C8-9807-2650E10468D3} = {ACC0C227-C64E-35C8-9807-2650E10468D3}
		{0B848E27-8A69-36C4-B376-D790F9ED51E4} = {0B848E27-8A69-36C4-B376-D790F9ED51E4}
		{A78B7BEC-C29F-3869-A1B6-35191AE66A8A} = {A78B7BEC-C29F-3869-A1B6-35191AE66A8A}
		{74E8C3DF-007D-3126-9ECE-7BAACABD4B3C} = {74E8C3DF-007D-3126-9ECE-7BAACABD4B3C}
	EndProjectSection
EndProject
Project("{8BC9CEB8-8B4A-11D0-8D11-00A0C91BC942}") = "GLEW_190", "external\GLEW_190.vcxproj", "{12999487-6987-3B44-A79B-0FF6810681C0}"
	ProjectSection(ProjectDependencies) = postProject
		{0B848E27-8A69-36C4-B376-D790F9ED51E4} = {0B848E27-8A69-36C4-B376-D790F9ED51E4}
	EndProjectSection
EndProject
Project("{8BC9CEB8-8B4A-11D0-8D11-00A0C91BC942}") = "GLFW_303", "external\glfw-3.0.3\src\GLFW_303.vcxproj", "{ACC0C227-C64E-35C8-9807-2650E10468D3}"
	ProjectSection(ProjectDependencies) = postProject
		{0B848E27-8A69-36C4-B376-D790F9ED51E4} = {0B848E27-8A69-36C4-B376-D790F9ED51E4}
	EndProjectSection
EndProject
Project("{8BC9CEB8-8B4A-11D0-8D11-00A0C91BC942}") = "INSTALL", "INSTALL.vcxproj", "{7479339C-521C-3612-AB73-E916EBBE7DBD}"
	ProjectSection(ProjectDependencies) = postProject
		{43CAA5CB-38F7-37DB-90EA-DE5C80A29622} = {43CAA5CB-38F7-37DB-90EA-DE5C80A29622}
	EndProjectSection
EndProject
Project("{8BC9CEB8-8B4A-11D0-8D11-00A0C91BC942}") = "ZERO_CHECK", "ZERO_CHECK.vcxproj", "{0B848E27-8A69-36C4-B376-D790F9ED51E4}"
	ProjectSection(ProjectDependencies) = postProject
	EndProjectSection
EndProject
Project("{8BC9CEB8-8B4A-11D0-8D11-00A0C91BC942}") = "assimp", "external\assimp-3.0.1270\code\assimp.vcxproj", "{A78B7BEC-C29F-3869-A1B6-35191AE66A8A}"
	ProjectSection(ProjectDependencies) = postProject
		{0B848E27-8A69-36C4-B376-D790F9ED51E4} = {0B848E27-8A69-36C4-B376-D790F9ED51E4}
		{74E8C3DF-007D-3126-9ECE-7BAACABD4B3C} = {74E8C3DF-007D-3126-9ECE-7BAACABD4B3C}
	EndProjectSection
EndProject
Project("{8BC9CEB8-8B4A-11D0-8D11-00A0C91BC942}") = "zlib", "external\assimp-3.0.1270\contrib\zlib\zlib.vcxproj", "{74E8C3DF-007D-3126-9ECE-7BAACABD4B3C}"
	ProjectSection(ProjectDependencies) = postProject
		{0B848E27-8A69-36C4-B376-D790F9ED51E4} = {0B848E27-8A69-36C4-B376-D790F9ED51E4}
	EndProjectSection
EndProject
Global
	GlobalSection(SolutionConfigurationPlatforms) = preSolution
		Debug|x64 = Debug|x64
		Release|x64 = Release|x64
		MinSizeRel|x64 = MinSizeRel|x64
		RelWithDebInfo|x64 = RelWithDebInfo|x64
	EndGlobalSection
	GlobalSection(ProjectConfigurationPlatforms) = postSolution
		{43CAA5CB-38F7-37DB-90EA-DE5C80A29622}.Debug|x64.ActiveCfg = Debug|x64
		{43CAA5CB-38F7-37DB-90EA-DE5C80A29622}.Debug|x64.Build.0 = Debug|x64
		{43CAA5CB-38F7-37DB-90EA-DE5C80A29622}.Release|x64.ActiveCfg = Release|x64
		{43CAA5CB-38F7-37DB-90EA-DE5C80A29622}.Release|x64.Build.0 = Release|x64
		{43CAA5CB-38F7-37DB-90EA-DE5C80A29622}.MinSizeRel|x64.ActiveCfg = MinSizeRel|x64
		{43CAA5CB-38F7-37DB-90EA-DE5C80A29622}.MinSizeRel|x64.Build.0 = MinSizeRel|x64
		{43CAA5CB-38F7-37DB-90EA-DE5C80A29622}.RelWithDebInfo|x64.ActiveCfg = RelWithDebInfo|x64
		{43CAA5CB-38F7-37DB-90EA-DE5C80A29622}.RelWithDebInfo|x64.Build.0 = RelWithDebInfo|x64
		{12755ADC-BF04-3F5A-BE16-7E17B4BE8DD4}.Debug|x64.ActiveCfg = Debug|x64
		{12755ADC-BF04-3F5A-BE16-7E17B4BE8DD4}.Debug|x64.Build.0 = Debug|x64
		{12755ADC-BF04-3F5A-BE16-7E17B4BE8DD4}.Release|x64.ActiveCfg = Release|x64
		{12755ADC-BF04-3F5A-BE16-7E17B4BE8DD4}.Release|x64.Build.0 = Release|x64
		{12755ADC-BF04-3F5A-BE16-7E17B4BE8DD4}.MinSizeRel|x64.ActiveCfg = MinSizeRel|x64
		{12755ADC-BF04-3F5A-BE16-7E17B4BE8DD4}.MinSizeRel|x64.Build.0 = MinSizeRel|x64
		{12755ADC-BF04-3F5A-BE16-7E17B4BE8DD4}.RelWithDebInfo|x64.ActiveCfg = RelWithDebInfo|x64
		{12755ADC-BF04-3F5A-BE16-7E17B4BE8DD4}.RelWithDebInfo|x64.Build.0 = RelWithDebInfo|x64
		{047DB76F-0698-3700-A7B3-D2FD88B30C9D}.Debug|x64.ActiveCfg = Debug|x64
		{047DB76F-0698-3700-A7B3-D2FD88B30C9D}.Debug|x64.Build.0 = Debug|x64
		{047DB76F-0698-3700-A7B3-D2FD88B30C9D}.Release|x64.ActiveCfg = Release|x64
		{047DB76F-0698-3700-A7B3-D2FD88B30C9D}.Release|x64.Build.0 = Release|x64
		{047DB76F-0698-3700-A7B3-D2FD88B30C9D}.MinSizeRel|x64.ActiveCfg = MinSizeRel|x64
		{047DB76F-0698-3700-A7B3-D2FD88B30C9D}.MinSizeRel|x64.Build.0 = MinSizeRel|x64
		{047DB76F-0698-3700-A7B3-D2FD88B30C9D}.RelWithDebInfo|x64.ActiveCfg = RelWithDebInfo|x64
		{047DB76F-0698-3700-A7B3-D2FD88B30C9D}.RelWithDebInfo|x64.Build.0 = RelWithDebInfo|x64
		{12999487-6987-3B44-A79B-0FF6810681C0}.Debug|x64.ActiveCfg = Debug|x64
		{12999487-6987-3B44-A79B-0FF6810681C0}.Debug|x64.Build.0 = Debug|x64
		{12999487-6987-3B44-A79B-0FF6810681C0}.Release|x64.ActiveCfg = Release|x64
		{12999487-6987-3B44-A79B-0FF6810681C0}.Release|x64.Build.0 = Release|x64
		{12999487-6987-3B44-A79B-0FF6810681C0}.MinSizeRel|x64.ActiveCfg = MinSizeRel|x64
		{12999487-6987-3B44-A79B-0FF6810681C0}.MinSizeRel|x64.Build.0 = MinSizeRel|x64
		{12999487-6987-3B44-A79B-0FF6810681C0}.RelWithDebInfo|x64.ActiveCfg = RelWithDebInfo|x64
		{12999487-6987-3B44-A79B-0FF6810681C0}.RelWithDebInfo|x64.Build.0 = RelWithDebInfo|x64
		{ACC0C227-C64E-35C8-9807-2650E10468D3}.Debug|x64.ActiveCfg = Debug|x64
		{ACC0C227-C64E-35C8-9807-2650E10468D3}.Debug|x64.Build.0 = Debug|x64
		{ACC0C227-C64E-35C8-9807-2650E10468D3}.Release|x64.ActiveCfg = Release|x64
		{ACC0C227-C64E-35C8-9807-2650E10468D3}.Release|x64.Build.0 = Release|x64
		{ACC0C227-C64E-35C8-9807-2650E10468D3}.MinSizeRel|x64.ActiveCfg = MinSizeRel|x64
		{ACC0C227-C64E-35C8-9807-2650E10468D3}.MinSizeRel|x64.Build.0 = MinSizeRel|x64
		{ACC0C227-C64E-35C8-9807-2650E10468D3}.RelWithDebInfo|x64.ActiveCfg = RelWithDebInfo|x64
		{ACC0C227-C64E-35C8-9807-2650E10468D3}.RelWithDebInfo|x64.Build.0 = RelWithDebInfo|x64
		{7479339C-521C-3612-AB73-E916EBBE7DBD}.Debug|x64.ActiveCfg = Debug|x64
		{7479339C-521C-3612-AB73-E916EBBE7DBD}.Release|x64.ActiveCfg = Release|x64
		{7479339C-521C-3612-AB73-E916EBBE7DBD}.MinSizeRel|x64.ActiveCfg = MinSizeRel|x64
		{7479339C-521C-3612-AB73-E916EBBE7DBD}.RelWithDebInfo|x64.ActiveCfg = RelWithDebInfo|x64
		{0B848E27-8A69-36C4-B376-D790F9ED51E4}.Debug|x64.ActiveCfg = Debug|x64
		{0B848E27-8A69-36C4-B376-D790F9ED51E4}.Debug|x64.Build.0 = Debug|x64
		{0B848E27-8A69-36C4-B376-D790F9ED51E4}.Release|x64.ActiveCfg = Release|x64
		{0B848E27-8A69-36C4-B376-D790F9ED51E4}.Release|x64.Build.0 = Release|x64
		{0B848E27-8A69-36C4-B376-D790F9ED51E4}.MinSizeRel|x64.ActiveCfg = MinSizeRel|x64
		{0B848E27-8A69-36C4-B376-D790F9ED51E4}.MinSizeRel|x64.Build.0 = MinSizeRel|x64
		{0B848E27-8A69-36C4-B376-D790F9ED51E4}.RelWithDebInfo|x64.ActiveCfg = RelWithDebInfo|x64
		{0B848E27-8A69-36C4-B376-D790F9ED51E4}.RelWithDebInfo|x64.Build.0 = RelWithDebInfo|x64
		{A78B7BEC-C29F-3869-A1B6-35191AE66A8A}.Debug|x64.ActiveCfg = Debug|x64
		{A78B7BEC-C29F-3869-A1B6-35191AE66A8A}.Debug|x64.Build.0 = Debug|x64
		{A78B7BEC-C29F-3869-A1B6-35191AE66A8A}.Release|x64.ActiveCfg = Release|x64
		{A78B7BEC-C29F-3869-A1B6-35191AE66A8A}.Release|x64.Build.0 = Release|x64
		{A78B7BEC-C29F-3869-A1B6-35191AE66A8A}.MinSizeRel|x64.ActiveCfg = MinSizeRel|x64
		{A78B7BEC-C29F-3869-A1B6-35191AE66A8A}.MinSizeRel|x64.Build.0 = MinSizeRel|x64
		{A78B7BEC-C29F-3869-A1B6-35191AE66A8A}.RelWithDebInfo|x64.ActiveCfg = RelWithDebInfo|x64
		{A78B7BEC-C29F-3869-A1B6-35191AE66A8A}.RelWithDebInfo|x64.Build.0 = RelWithDebInfo|x64
		{74E8C3DF-007D-3126-9ECE-7BAACABD4B3C}.Debug|x64.ActiveCfg = Debug|x64
		{74E8C3DF-007D-3126-9ECE-7BAACABD4B3C}.Debug|x64.Build.0 = Debug|x64
		{74E8C3DF-007D-3126-9ECE-7BAACABD4B3C}.Release|x64.ActiveCfg = Release|x64
		{74E8C3DF-007D-3126-9ECE-7BAACABD4B3C}.Release|x64.Build.0 = Release|x64
		{74E8C3DF-007D-3126-9ECE-7BAACABD4B3C}.MinSizeRel|x64.ActiveCfg = MinSizeRel|x64
		{74E8C3DF-007D-3126-9ECE-7BAACABD4B3C}.MinSizeRel|x64.Build.0 = MinSizeRel|x64
		{74E8C3DF-007D-3126-9ECE-7BAACABD4B3C}.RelWithDebInfo|x64.ActiveCfg = RelWithDebInfo|x64
		{74E8C3DF-007D-3126-9ECE-7BAACABD4B3C}.RelWithDebInfo|x64.Build.0 = RelWithDebInfo|x64
	EndGlobalSection
	GlobalSection(ExtensibilityGlobals) = postSolution
	EndGlobalSection
	GlobalSection(ExtensibilityAddIns) = postSolution
	EndGlobalSection
EndGlobal
