<?xml version="1.0" encoding="utf-8"?>
<Project ToolsVersion="14.0" xmlns="http://schemas.microsoft.com/developer/msbuild/2003">
  <ItemGroup>
    <ClCompile Include="C:\Users\Simone\Desktop\CG_UFPel\CG_UFPel\sources\controls.cpp">
      <Filter>Source Files</Filter>
    </ClCompile>
    <ClCompile Include="C:\Users\Simone\Desktop\CG_UFPel\CG_UFPel\sources\main.cpp">
      <Filter>Source Files</Filter>
    </ClCompile>
    <ClCompile Include="C:\Users\Simone\Desktop\CG_UFPel\CG_UFPel\sources\objloader.cpp">
      <Filter>Source Files</Filter>
    </ClCompile>
    <ClCompile Include="C:\Users\Simone\Desktop\CG_UFPel\CG_UFPel\sources\quaternion_utils.cpp">
      <Filter>Source Files</Filter>
    </ClCompile>
    <ClCompile Include="C:\Users\Simone\Desktop\CG_UFPel\CG_UFPel\sources\shader.cpp">
      <Filter>Source Files</Filter>
    </ClCompile>
    <ClCompile Include="C:\Users\Simone\Desktop\CG_UFPel\CG_UFPel\sources\tangentspace.cpp">
      <Filter>Source Files</Filter>
    </ClCompile>
    <ClCompile Include="C:\Users\Simone\Desktop\CG_UFPel\CG_UFPel\sources\text2D.cpp">
      <Filter>Source Files</Filter>
    </ClCompile>
    <ClCompile Include="C:\Users\Simone\Desktop\CG_UFPel\CG_UFPel\sources\texture.cpp">
      <Filter>Source Files</Filter>
    </ClCompile>
    <ClCompile Include="C:\Users\Simone\Desktop\CG_UFPel\CG_UFPel\sources\vboindexer.cpp">
      <Filter>Source Files</Filter>
    </ClCompile>
    <ClCompile Include="C:\Users\Simone\Desktop\CG_UFPel\CG_UFPel\sources\glerror.cpp">
      <Filter>Source Files</Filter>
    </ClCompile>
    <ClCompile Include="C:\Users\Simone\Desktop\CG_UFPel\CG_UFPel\sources\mesh.cpp">
      <Filter>Source Files</Filter>
    </ClCompile>
    <ClCompile Include="model.cpp">
      <Filter>Source Files</Filter>
    </ClCompile>
    <ClCompile Include="modelManager.cpp">
      <Filter>Source Files</Filter>
    </ClCompile>
  </ItemGroup>
  <ItemGroup>
    <ClInclude Include="C:\Users\Simone\Desktop\CG_UFPel\CG_UFPel\include\controls.hpp">
      <Filter>Header Files</Filter>
    </ClInclude>
    <ClInclude Include="C:\Users\Simone\Desktop\CG_UFPel\CG_UFPel\include\objloader.hpp">
      <Filter>Header Files</Filter>
    </ClInclude>
    <ClInclude Include="C:\Users\Simone\Desktop\CG_UFPel\CG_UFPel\include\quaternion_utils.hpp">
      <Filter>Header Files</Filter>
    </ClInclude>
    <ClInclude Include="C:\Users\Simone\Desktop\CG_UFPel\CG_UFPel\include\shader.hpp">
      <Filter>Header Files</Filter>
    </ClInclude>
    <ClInclude Include="C:\Users\Simone\Desktop\CG_UFPel\CG_UFPel\include\tangentspace.hpp">
      <Filter>Header Files</Filter>
    </ClInclude>
    <ClInclude Include="C:\Users\Simone\Desktop\CG_UFPel\CG_UFPel\include\text2D.hpp">
      <Filter>Header Files</Filter>
    </ClInclude>
    <ClInclude Include="C:\Users\Simone\Desktop\CG_UFPel\CG_UFPel\include\texture.hpp">
      <Filter>Header Files</Filter>
    </ClInclude>
    <ClInclude Include="C:\Users\Simone\Desktop\CG_UFPel\CG_UFPel\include\vboindexer.hpp">
      <Filter>Header Files</Filter>
    </ClInclude>
    <ClInclude Include="C:\Users\Simone\Desktop\CG_UFPel\CG_UFPel\include\glerror.hpp">
      <Filter>Header Files</Filter>
    </ClInclude>
    <ClInclude Include="C:\Users\Simone\Desktop\CG_UFPel\CG_UFPel\include\mesh.hpp">
      <Filter>Header Files</Filter>
    </ClInclude>
    <ClInclude Include="model.hpp">
      <Filter>Header Files</Filter>
    </ClInclude>
    <ClInclude Include="modelManager.hpp">
      <Filter>Header Files</Filter>
    </ClInclude>
  </ItemGroup>
  <ItemGroup>
    <CustomBuild Include="C:\Users\Simone\Desktop\CG_UFPel\CG_UFPel\CMakeLists.txt" />
  </ItemGroup>
  <ItemGroup>
    <Filter Include="Source Files">
      <UniqueIdentifier>{CE345266-F27E-3DCF-ACD1-C6100DD537C5}</UniqueIdentifier>
    </Filter>
    <Filter Include="Header Files">
      <UniqueIdentifier>{CBA40547-48BF-3FF5-89EB-DB14E5DDF642}</UniqueIdentifier>
    </Filter>
  </ItemGroup>
</Project>