<?xml version="1.0" encoding="UTF-8"?>
<Project ToolsVersion="14.0" xmlns="http://schemas.microsoft.com/developer/msbuild/2003">
  <ItemGroup>
    <CustomBuild Include="C:\Users\Simone\Desktop\CG_UFPel\CG_UFPel\CMakeFiles\db786f877558ce09a6227d129626ad59\INSTALL_force.rule">
      <Filter>CMake Rules</Filter>
    </CustomBuild>
  </ItemGroup>
  <ItemGroup>
    <Filter Include="CMake Rules">
      <UniqueIdentifier>{AA1E6670-781B-3B18-ADCC-1207BF5F3E60}</UniqueIdentifier>
    </Filter>
  </ItemGroup>
</Project>
