Microsoft Visual Studio Solution File, Format Version 12.00
# Visual Studio 14
Project("{8BC9CEB8-8B4A-11D0-8D11-00A0C91BC942}") = "ALL_BUILD", "ALL_BUILD.vcxproj", "{CA4FE344-A71E-3519-9521-E48EE712EF3E}"
	ProjectSection(ProjectDependencies) = postProject
		{ED1FDCD7-D6FF-3138-ABB1-51AC4E3CCBFE} = {ED1FDCD7-D6FF-3138-ABB1-51AC4E3CCBFE}
		{296ED465-7FA1-30F7-A547-B521B1F7F195} = {296ED465-7FA1-30F7-A547-B521B1F7F195}
		{8AAA2042-CBFA-3249-B17D-A97EB31354A6} = {8AAA2042-CBFA-3249-B17D-A97EB31354A6}
		{FC477E2D-0E3F-3ECF-9665-551E682F0A06} = {FC477E2D-0E3F-3ECF-9665-551E682F0A06}
		{461E7701-D3F4-3D29-9482-A68704E370DE} = {461E7701-D3F4-3D29-9482-A68704E370DE}
		{8DB2A3BF-A6D5-3823-9AC8-EE36FD14A750} = {8DB2A3BF-A6D5-3823-9AC8-EE36FD14A750}
	EndProjectSection
EndProject
Project("{8BC9CEB8-8B4A-11D0-8D11-00A0C91BC942}") = "ANTTWEAKBAR_116_OGLCORE_GLFW", "external\ANTTWEAKBAR_116_OGLCORE_GLFW.vcxproj", "{ED1FDCD7-D6FF-3138-ABB1-51AC4E3CCBFE}"
	ProjectSection(ProjectDependencies) = postProject
		{6FAD8B7C-345E-3E91-A8C0-560DC8FAA643} = {6FAD8B7C-345E-3E91-A8C0-560DC8FAA643}
	EndProjectSection
EndProject
Project("{8BC9CEB8-8B4A-11D0-8D11-00A0C91BC942}") = "CG_UFPel", "CG_UFPel.vcxproj", "{296ED465-7FA1-30F7-A547-B521B1F7F195}"
	ProjectSection(ProjectDependencies) = postProject
		{ED1FDCD7-D6FF-3138-ABB1-51AC4E3CCBFE} = {ED1FDCD7-D6FF-3138-ABB1-51AC4E3CCBFE}
		{8AAA2042-CBFA-3249-B17D-A97EB31354A6} = {8AAA2042-CBFA-3249-B17D-A97EB31354A6}
		{FC477E2D-0E3F-3ECF-9665-551E682F0A06} = {FC477E2D-0E3F-3ECF-9665-551E682F0A06}
		{6FAD8B7C-345E-3E91-A8C0-560DC8FAA643} = {6FAD8B7C-345E-3E91-A8C0-560DC8FAA643}
		{461E7701-D3F4-3D29-9482-A68704E370DE} = {461E7701-D3F4-3D29-9482-A68704E370DE}
		{8DB2A3BF-A6D5-3823-9AC8-EE36FD14A750} = {8DB2A3BF-A6D5-3823-9AC8-EE36FD14A750}
	EndProjectSection
EndProject
Project("{8BC9CEB8-8B4A-11D0-8D11-00A0C91BC942}") = "GLEW_190", "external\GLEW_190.vcxproj", "{8AAA2042-CBFA-3249-B17D-A97EB31354A6}"
	ProjectSection(ProjectDependencies) = postProject
		{6FAD8B7C-345E-3E91-A8C0-560DC8FAA643} = {6FAD8B7C-345E-3E91-A8C0-560DC8FAA643}
	EndProjectSection
EndProject
Project("{8BC9CEB8-8B4A-11D0-8D11-00A0C91BC942}") = "GLFW_303", "external\glfw-3.0.3\src\GLFW_303.vcxproj", "{FC477E2D-0E3F-3ECF-9665-551E682F0A06}"
	ProjectSection(ProjectDependencies) = postProject
		{6FAD8B7C-345E-3E91-A8C0-560DC8FAA643} = {6FAD8B7C-345E-3E91-A8C0-560DC8FAA643}
	EndProjectSection
EndProject
Project("{8BC9CEB8-8B4A-11D0-8D11-00A0C91BC942}") = "INSTALL", "INSTALL.vcxproj", "{3AEC8429-7598-3B08-931A-1748F5D20EF1}"
	ProjectSection(ProjectDependencies) = postProject
		{CA4FE344-A71E-3519-9521-E48EE712EF3E} = {CA4FE344-A71E-3519-9521-E48EE712EF3E}
	EndProjectSection
EndProject
Project("{8BC9CEB8-8B4A-11D0-8D11-00A0C91BC942}") = "ZERO_CHECK", "ZERO_CHECK.vcxproj", "{6FAD8B7C-345E-3E91-A8C0-560DC8FAA643}"
	ProjectSection(ProjectDependencies) = postProject
	EndProjectSection
EndProject
Project("{8BC9CEB8-8B4A-11D0-8D11-00A0C91BC942}") = "assimp", "external\assimp-3.0.1270\code\assimp.vcxproj", "{461E7701-D3F4-3D29-9482-A68704E370DE}"
	ProjectSection(ProjectDependencies) = postProject
		{6FAD8B7C-345E-3E91-A8C0-560DC8FAA643} = {6FAD8B7C-345E-3E91-A8C0-560DC8FAA643}
		{8DB2A3BF-A6D5-3823-9AC8-EE36FD14A750} = {8DB2A3BF-A6D5-3823-9AC8-EE36FD14A750}
	EndProjectSection
EndProject
Project("{8BC9CEB8-8B4A-11D0-8D11-00A0C91BC942}") = "zlib", "external\assimp-3.0.1270\contrib\zlib\zlib.vcxproj", "{8DB2A3BF-A6D5-3823-9AC8-EE36FD14A750}"
	ProjectSection(ProjectDependencies) = postProject
		{6FAD8B7C-345E-3E91-A8C0-560DC8FAA643} = {6FAD8B7C-345E-3E91-A8C0-560DC8FAA643}
	EndProjectSection
EndProject
Global
	GlobalSection(SolutionConfigurationPlatforms) = preSolution
		Debug|x64 = Debug|x64
		Release|x64 = Release|x64
		MinSizeRel|x64 = MinSizeRel|x64
		RelWithDebInfo|x64 = RelWithDebInfo|x64
	EndGlobalSection
	GlobalSection(ProjectConfigurationPlatforms) = postSolution
		{CA4FE344-A71E-3519-9521-E48EE712EF3E}.Debug|x64.ActiveCfg = Debug|x64
		{CA4FE344-A71E-3519-9521-E48EE712EF3E}.Debug|x64.Build.0 = Debug|x64
		{CA4FE344-A71E-3519-9521-E48EE712EF3E}.Release|x64.ActiveCfg = Release|x64
		{CA4FE344-A71E-3519-9521-E48EE712EF3E}.Release|x64.Build.0 = Release|x64
		{CA4FE344-A71E-3519-9521-E48EE712EF3E}.MinSizeRel|x64.ActiveCfg = MinSizeRel|x64
		{CA4FE344-A71E-3519-9521-E48EE712EF3E}.MinSizeRel|x64.Build.0 = MinSizeRel|x64
		{CA4FE344-A71E-3519-9521-E48EE712EF3E}.RelWithDebInfo|x64.ActiveCfg = RelWithDebInfo|x64
		{CA4FE344-A71E-3519-9521-E48EE712EF3E}.RelWithDebInfo|x64.Build.0 = RelWithDebInfo|x64
		{ED1FDCD7-D6FF-3138-ABB1-51AC4E3CCBFE}.Debug|x64.ActiveCfg = Debug|x64
		{ED1FDCD7-D6FF-3138-ABB1-51AC4E3CCBFE}.Debug|x64.Build.0 = Debug|x64
		{ED1FDCD7-D6FF-3138-ABB1-51AC4E3CCBFE}.Release|x64.ActiveCfg = Release|x64
		{ED1FDCD7-D6FF-3138-ABB1-51AC4E3CCBFE}.Release|x64.Build.0 = Release|x64
		{ED1FDCD7-D6FF-3138-ABB1-51AC4E3CCBFE}.MinSizeRel|x64.ActiveCfg = MinSizeRel|x64
		{ED1FDCD7-D6FF-3138-ABB1-51AC4E3CCBFE}.MinSizeRel|x64.Build.0 = MinSizeRel|x64
		{ED1FDCD7-D6FF-3138-ABB1-51AC4E3CCBFE}.RelWithDebInfo|x64.ActiveCfg = RelWithDebInfo|x64
		{ED1FDCD7-D6FF-3138-ABB1-51AC4E3CCBFE}.RelWithDebInfo|x64.Build.0 = RelWithDebInfo|x64
		{296ED465-7FA1-30F7-A547-B521B1F7F195}.Debug|x64.ActiveCfg = Debug|x64
		{296ED465-7FA1-30F7-A547-B521B1F7F195}.Debug|x64.Build.0 = Debug|x64
		{296ED465-7FA1-30F7-A547-B521B1F7F195}.Release|x64.ActiveCfg = Release|x64
		{296ED465-7FA1-30F7-A547-B521B1F7F195}.Release|x64.Build.0 = Release|x64
		{296ED465-7FA1-30F7-A547-B521B1F7F195}.MinSizeRel|x64.ActiveCfg = MinSizeRel|x64
		{296ED465-7FA1-30F7-A547-B521B1F7F195}.MinSizeRel|x64.Build.0 = MinSizeRel|x64
		{296ED465-7FA1-30F7-A547-B521B1F7F195}.RelWithDebInfo|x64.ActiveCfg = RelWithDebInfo|x64
		{296ED465-7FA1-30F7-A547-B521B1F7F195}.RelWithDebInfo|x64.Build.0 = RelWithDebInfo|x64
		{8AAA2042-CBFA-3249-B17D-A97EB31354A6}.Debug|x64.ActiveCfg = Debug|x64
		{8AAA2042-CBFA-3249-B17D-A97EB31354A6}.Debug|x64.Build.0 = Debug|x64
		{8AAA2042-CBFA-3249-B17D-A97EB31354A6}.Release|x64.ActiveCfg = Release|x64
		{8AAA2042-CBFA-3249-B17D-A97EB31354A6}.Release|x64.Build.0 = Release|x64
		{8AAA2042-CBFA-3249-B17D-A97EB31354A6}.MinSizeRel|x64.ActiveCfg = MinSizeRel|x64
		{8AAA2042-CBFA-3249-B17D-A97EB31354A6}.MinSizeRel|x64.Build.0 = MinSizeRel|x64
		{8AAA2042-CBFA-3249-B17D-A97EB31354A6}.RelWithDebInfo|x64.ActiveCfg = RelWithDebInfo|x64
		{8AAA2042-CBFA-3249-B17D-A97EB31354A6}.RelWithDebInfo|x64.Build.0 = RelWithDebInfo|x64
		{FC477E2D-0E3F-3ECF-9665-551E682F0A06}.Debug|x64.ActiveCfg = Debug|x64
		{FC477E2D-0E3F-3ECF-9665-551E682F0A06}.Debug|x64.Build.0 = Debug|x64
		{FC477E2D-0E3F-3ECF-9665-551E682F0A06}.Release|x64.ActiveCfg = Release|x64
		{FC477E2D-0E3F-3ECF-9665-551E682F0A06}.Release|x64.Build.0 = Release|x64
		{FC477E2D-0E3F-3ECF-9665-551E682F0A06}.MinSizeRel|x64.ActiveCfg = MinSizeRel|x64
		{FC477E2D-0E3F-3ECF-9665-551E682F0A06}.MinSizeRel|x64.Build.0 = MinSizeRel|x64
		{FC477E2D-0E3F-3ECF-9665-551E682F0A06}.RelWithDebInfo|x64.ActiveCfg = RelWithDebInfo|x64
		{FC477E2D-0E3F-3ECF-9665-551E682F0A06}.RelWithDebInfo|x64.Build.0 = RelWithDebInfo|x64
		{3AEC8429-7598-3B08-931A-1748F5D20EF1}.Debug|x64.ActiveCfg = Debug|x64
		{3AEC8429-7598-3B08-931A-1748F5D20EF1}.Release|x64.ActiveCfg = Release|x64
		{3AEC8429-7598-3B08-931A-1748F5D20EF1}.MinSizeRel|x64.ActiveCfg = MinSizeRel|x64
		{3AEC8429-7598-3B08-931A-1748F5D20EF1}.RelWithDebInfo|x64.ActiveCfg = RelWithDebInfo|x64
		{6FAD8B7C-345E-3E91-A8C0-560DC8FAA643}.Debug|x64.ActiveCfg = Debug|x64
		{6FAD8B7C-345E-3E91-A8C0-560DC8FAA643}.Debug|x64.Build.0 = Debug|x64
		{6FAD8B7C-345E-3E91-A8C0-560DC8FAA643}.Release|x64.ActiveCfg = Release|x64
		{6FAD8B7C-345E-3E91-A8C0-560DC8FAA643}.Release|x64.Build.0 = Release|x64
		{6FAD8B7C-345E-3E91-A8C0-560DC8FAA643}.MinSizeRel|x64.ActiveCfg = MinSizeRel|x64
		{6FAD8B7C-345E-3E91-A8C0-560DC8FAA643}.MinSizeRel|x64.Build.0 = MinSizeRel|x64
		{6FAD8B7C-345E-3E91-A8C0-560DC8FAA643}.RelWithDebInfo|x64.ActiveCfg = RelWithDebInfo|x64
		{6FAD8B7C-345E-3E91-A8C0-560DC8FAA643}.RelWithDebInfo|x64.Build.0 = RelWithDebInfo|x64
		{461E7701-D3F4-3D29-9482-A68704E370DE}.Debug|x64.ActiveCfg = Debug|x64
		{461E7701-D3F4-3D29-9482-A68704E370DE}.Debug|x64.Build.0 = Debug|x64
		{461E7701-D3F4-3D29-9482-A68704E370DE}.Release|x64.ActiveCfg = Release|x64
		{461E7701-D3F4-3D29-9482-A68704E370DE}.Release|x64.Build.0 = Release|x64
		{461E7701-D3F4-3D29-9482-A68704E370DE}.MinSizeRel|x64.ActiveCfg = MinSizeRel|x64
		{461E7701-D3F4-3D29-9482-A68704E370DE}.MinSizeRel|x64.Build.0 = MinSizeRel|x64
		{461E7701-D3F4-3D29-9482-A68704E370DE}.RelWithDebInfo|x64.ActiveCfg = RelWithDebInfo|x64
		{461E7701-D3F4-3D29-9482-A68704E370DE}.RelWithDebInfo|x64.Build.0 = RelWithDebInfo|x64
		{8DB2A3BF-A6D5-3823-9AC8-EE36FD14A750}.Debug|x64.ActiveCfg = Debug|x64
		{8DB2A3BF-A6D5-3823-9AC8-EE36FD14A750}.Debug|x64.Build.0 = Debug|x64
		{8DB2A3BF-A6D5-3823-9AC8-EE36FD14A750}.Release|x64.ActiveCfg = Release|x64
		{8DB2A3BF-A6D5-3823-9AC8-EE36FD14A750}.Release|x64.Build.0 = Release|x64
		{8DB2A3BF-A6D5-3823-9AC8-EE36FD14A750}.MinSizeRel|x64.ActiveCfg = MinSizeRel|x64
		{8DB2A3BF-A6D5-3823-9AC8-EE36FD14A750}.MinSizeRel|x64.Build.0 = MinSizeRel|x64
		{8DB2A3BF-A6D5-3823-9AC8-EE36FD14A750}.RelWithDebInfo|x64.ActiveCfg = RelWithDebInfo|x64
		{8DB2A3BF-A6D5-3823-9AC8-EE36FD14A750}.RelWithDebInfo|x64.Build.0 = RelWithDebInfo|x64
	EndGlobalSection
	GlobalSection(ExtensibilityGlobals) = postSolution
	EndGlobalSection
	GlobalSection(ExtensibilityAddIns) = postSolution
	EndGlobalSection
EndGlobal
