Microsoft Visual Studio Solution File, Format Version 12.00
# Visual Studio 14
Project("{8BC9CEB8-8B4A-11D0-8D11-00A0C91BC942}") = "ALL_BUILD", "ALL_BUILD.vcxproj", "{C4F058A1-6132-3A5D-A1A1-35005C300282}"
	ProjectSection(ProjectDependencies) = postProject
		{2C8394BC-3155-37BC-BA15-B139922DAEFC} = {2C8394BC-3155-37BC-BA15-B139922DAEFC}
		{9861FFBF-BC22-36FB-8426-3D2374D8CF2A} = {9861FFBF-BC22-36FB-8426-3D2374D8CF2A}
		{E2A590B1-D48A-334F-BCAB-9EBE4A312C0F} = {E2A590B1-D48A-334F-BCAB-9EBE4A312C0F}
		{172BF4AB-56B0-3175-B58E-E6DF8FC69F7F} = {172BF4AB-56B0-3175-B58E-E6DF8FC69F7F}
		{40A5BC08-7309-3D4E-9919-F5EC721BFE84} = {40A5BC08-7309-3D4E-9919-F5EC721BFE84}
		{649DF6C3-C3FE-3F49-B3EB-EC613CF1EE3C} = {649DF6C3-C3FE-3F49-B3EB-EC613CF1EE3C}
	EndProjectSection
EndProject
Project("{8BC9CEB8-8B4A-11D0-8D11-00A0C91BC942}") = "ANTTWEAKBAR_116_OGLCORE_GLFW", "external\ANTTWEAKBAR_116_OGLCORE_GLFW.vcxproj", "{2C8394BC-3155-37BC-BA15-B139922DAEFC}"
	ProjectSection(ProjectDependencies) = postProject
		{444614A8-41C7-3602-B4F9-82ED09D23974} = {444614A8-41C7-3602-B4F9-82ED09D23974}
	EndProjectSection
EndProject
Project("{8BC9CEB8-8B4A-11D0-8D11-00A0C91BC942}") = "CG_UFPel", "CG_UFPel.vcxproj", "{9861FFBF-BC22-36FB-8426-3D2374D8CF2A}"
	ProjectSection(ProjectDependencies) = postProject
		{2C8394BC-3155-37BC-BA15-B139922DAEFC} = {2C8394BC-3155-37BC-BA15-B139922DAEFC}
		{E2A590B1-D48A-334F-BCAB-9EBE4A312C0F} = {E2A590B1-D48A-334F-BCAB-9EBE4A312C0F}
		{172BF4AB-56B0-3175-B58E-E6DF8FC69F7F} = {172BF4AB-56B0-3175-B58E-E6DF8FC69F7F}
		{444614A8-41C7-3602-B4F9-82ED09D23974} = {444614A8-41C7-3602-B4F9-82ED09D23974}
		{40A5BC08-7309-3D4E-9919-F5EC721BFE84} = {40A5BC08-7309-3D4E-9919-F5EC721BFE84}
		{649DF6C3-C3FE-3F49-B3EB-EC613CF1EE3C} = {649DF6C3-C3FE-3F49-B3EB-EC613CF1EE3C}
	EndProjectSection
EndProject
Project("{8BC9CEB8-8B4A-11D0-8D11-00A0C91BC942}") = "GLEW_190", "external\GLEW_190.vcxproj", "{E2A590B1-D48A-334F-BCAB-9EBE4A312C0F}"
	ProjectSection(ProjectDependencies) = postProject
		{444614A8-41C7-3602-B4F9-82ED09D23974} = {444614A8-41C7-3602-B4F9-82ED09D23974}
	EndProjectSection
EndProject
Project("{8BC9CEB8-8B4A-11D0-8D11-00A0C91BC942}") = "GLFW_303", "external\glfw-3.0.3\src\GLFW_303.vcxproj", "{172BF4AB-56B0-3175-B58E-E6DF8FC69F7F}"
	ProjectSection(ProjectDependencies) = postProject
		{444614A8-41C7-3602-B4F9-82ED09D23974} = {444614A8-41C7-3602-B4F9-82ED09D23974}
	EndProjectSection
EndProject
Project("{8BC9CEB8-8B4A-11D0-8D11-00A0C91BC942}") = "INSTALL", "INSTALL.vcxproj", "{91822D68-A159-3F9E-9486-D83F15FD45E4}"
	ProjectSection(ProjectDependencies) = postProject
		{C4F058A1-6132-3A5D-A1A1-35005C300282} = {C4F058A1-6132-3A5D-A1A1-35005C300282}
	EndProjectSection
EndProject
Project("{8BC9CEB8-8B4A-11D0-8D11-00A0C91BC942}") = "ZERO_CHECK", "ZERO_CHECK.vcxproj", "{444614A8-41C7-3602-B4F9-82ED09D23974}"
	ProjectSection(ProjectDependencies) = postProject
	EndProjectSection
EndProject
Project("{8BC9CEB8-8B4A-11D0-8D11-00A0C91BC942}") = "assimp", "external\assimp-3.0.1270\code\assimp.vcxproj", "{40A5BC08-7309-3D4E-9919-F5EC721BFE84}"
	ProjectSection(ProjectDependencies) = postProject
		{444614A8-41C7-3602-B4F9-82ED09D23974} = {444614A8-41C7-3602-B4F9-82ED09D23974}
		{649DF6C3-C3FE-3F49-B3EB-EC613CF1EE3C} = {649DF6C3-C3FE-3F49-B3EB-EC613CF1EE3C}
	EndProjectSection
EndProject
Project("{8BC9CEB8-8B4A-11D0-8D11-00A0C91BC942}") = "zlib", "external\assimp-3.0.1270\contrib\zlib\zlib.vcxproj", "{649DF6C3-C3FE-3F49-B3EB-EC613CF1EE3C}"
	ProjectSection(ProjectDependencies) = postProject
		{444614A8-41C7-3602-B4F9-82ED09D23974} = {444614A8-41C7-3602-B4F9-82ED09D23974}
	EndProjectSection
EndProject
Global
	GlobalSection(SolutionConfigurationPlatforms) = preSolution
		Debug|x64 = Debug|x64
		Release|x64 = Release|x64
		MinSizeRel|x64 = MinSizeRel|x64
		RelWithDebInfo|x64 = RelWithDebInfo|x64
	EndGlobalSection
	GlobalSection(ProjectConfigurationPlatforms) = postSolution
		{C4F058A1-6132-3A5D-A1A1-35005C300282}.Debug|x64.ActiveCfg = Debug|x64
		{C4F058A1-6132-3A5D-A1A1-35005C300282}.Debug|x64.Build.0 = Debug|x64
		{C4F058A1-6132-3A5D-A1A1-35005C300282}.Release|x64.ActiveCfg = Release|x64
		{C4F058A1-6132-3A5D-A1A1-35005C300282}.Release|x64.Build.0 = Release|x64
		{C4F058A1-6132-3A5D-A1A1-35005C300282}.MinSizeRel|x64.ActiveCfg = MinSizeRel|x64
		{C4F058A1-6132-3A5D-A1A1-35005C300282}.MinSizeRel|x64.Build.0 = MinSizeRel|x64
		{C4F058A1-6132-3A5D-A1A1-35005C300282}.RelWithDebInfo|x64.ActiveCfg = RelWithDebInfo|x64
		{C4F058A1-6132-3A5D-A1A1-35005C300282}.RelWithDebInfo|x64.Build.0 = RelWithDebInfo|x64
		{2C8394BC-3155-37BC-BA15-B139922DAEFC}.Debug|x64.ActiveCfg = Debug|x64
		{2C8394BC-3155-37BC-BA15-B139922DAEFC}.Debug|x64.Build.0 = Debug|x64
		{2C8394BC-3155-37BC-BA15-B139922DAEFC}.Release|x64.ActiveCfg = Release|x64
		{2C8394BC-3155-37BC-BA15-B139922DAEFC}.Release|x64.Build.0 = Release|x64
		{2C8394BC-3155-37BC-BA15-B139922DAEFC}.MinSizeRel|x64.ActiveCfg = MinSizeRel|x64
		{2C8394BC-3155-37BC-BA15-B139922DAEFC}.MinSizeRel|x64.Build.0 = MinSizeRel|x64
		{2C8394BC-3155-37BC-BA15-B139922DAEFC}.RelWithDebInfo|x64.ActiveCfg = RelWithDebInfo|x64
		{2C8394BC-3155-37BC-BA15-B139922DAEFC}.RelWithDebInfo|x64.Build.0 = RelWithDebInfo|x64
		{9861FFBF-BC22-36FB-8426-3D2374D8CF2A}.Debug|x64.ActiveCfg = Debug|x64
		{9861FFBF-BC22-36FB-8426-3D2374D8CF2A}.Debug|x64.Build.0 = Debug|x64
		{9861FFBF-BC22-36FB-8426-3D2374D8CF2A}.Release|x64.ActiveCfg = Release|x64
		{9861FFBF-BC22-36FB-8426-3D2374D8CF2A}.Release|x64.Build.0 = Release|x64
		{9861FFBF-BC22-36FB-8426-3D2374D8CF2A}.MinSizeRel|x64.ActiveCfg = MinSizeRel|x64
		{9861FFBF-BC22-36FB-8426-3D2374D8CF2A}.MinSizeRel|x64.Build.0 = MinSizeRel|x64
		{9861FFBF-BC22-36FB-8426-3D2374D8CF2A}.RelWithDebInfo|x64.ActiveCfg = RelWithDebInfo|x64
		{9861FFBF-BC22-36FB-8426-3D2374D8CF2A}.RelWithDebInfo|x64.Build.0 = RelWithDebInfo|x64
		{E2A590B1-D48A-334F-BCAB-9EBE4A312C0F}.Debug|x64.ActiveCfg = Debug|x64
		{E2A590B1-D48A-334F-BCAB-9EBE4A312C0F}.Debug|x64.Build.0 = Debug|x64
		{E2A590B1-D48A-334F-BCAB-9EBE4A312C0F}.Release|x64.ActiveCfg = Release|x64
		{E2A590B1-D48A-334F-BCAB-9EBE4A312C0F}.Release|x64.Build.0 = Release|x64
		{E2A590B1-D48A-334F-BCAB-9EBE4A312C0F}.MinSizeRel|x64.ActiveCfg = MinSizeRel|x64
		{E2A590B1-D48A-334F-BCAB-9EBE4A312C0F}.MinSizeRel|x64.Build.0 = MinSizeRel|x64
		{E2A590B1-D48A-334F-BCAB-9EBE4A312C0F}.RelWithDebInfo|x64.ActiveCfg = RelWithDebInfo|x64
		{E2A590B1-D48A-334F-BCAB-9EBE4A312C0F}.RelWithDebInfo|x64.Build.0 = RelWithDebInfo|x64
		{172BF4AB-56B0-3175-B58E-E6DF8FC69F7F}.Debug|x64.ActiveCfg = Debug|x64
		{172BF4AB-56B0-3175-B58E-E6DF8FC69F7F}.Debug|x64.Build.0 = Debug|x64
		{172BF4AB-56B0-3175-B58E-E6DF8FC69F7F}.Release|x64.ActiveCfg = Release|x64
		{172BF4AB-56B0-3175-B58E-E6DF8FC69F7F}.Release|x64.Build.0 = Release|x64
		{172BF4AB-56B0-3175-B58E-E6DF8FC69F7F}.MinSizeRel|x64.ActiveCfg = MinSizeRel|x64
		{172BF4AB-56B0-3175-B58E-E6DF8FC69F7F}.MinSizeRel|x64.Build.0 = MinSizeRel|x64
		{172BF4AB-56B0-3175-B58E-E6DF8FC69F7F}.RelWithDebInfo|x64.ActiveCfg = RelWithDebInfo|x64
		{172BF4AB-56B0-3175-B58E-E6DF8FC69F7F}.RelWithDebInfo|x64.Build.0 = RelWithDebInfo|x64
		{91822D68-A159-3F9E-9486-D83F15FD45E4}.Debug|x64.ActiveCfg = Debug|x64
		{91822D68-A159-3F9E-9486-D83F15FD45E4}.Release|x64.ActiveCfg = Release|x64
		{91822D68-A159-3F9E-9486-D83F15FD45E4}.MinSizeRel|x64.ActiveCfg = MinSizeRel|x64
		{91822D68-A159-3F9E-9486-D83F15FD45E4}.RelWithDebInfo|x64.ActiveCfg = RelWithDebInfo|x64
		{444614A8-41C7-3602-B4F9-82ED09D23974}.Debug|x64.ActiveCfg = Debug|x64
		{444614A8-41C7-3602-B4F9-82ED09D23974}.Debug|x64.Build.0 = Debug|x64
		{444614A8-41C7-3602-B4F9-82ED09D23974}.Release|x64.ActiveCfg = Release|x64
		{444614A8-41C7-3602-B4F9-82ED09D23974}.Release|x64.Build.0 = Release|x64
		{444614A8-41C7-3602-B4F9-82ED09D23974}.MinSizeRel|x64.ActiveCfg = MinSizeRel|x64
		{444614A8-41C7-3602-B4F9-82ED09D23974}.MinSizeRel|x64.Build.0 = MinSizeRel|x64
		{444614A8-41C7-3602-B4F9-82ED09D23974}.RelWithDebInfo|x64.ActiveCfg = RelWithDebInfo|x64
		{444614A8-41C7-3602-B4F9-82ED09D23974}.RelWithDebInfo|x64.Build.0 = RelWithDebInfo|x64
		{40A5BC08-7309-3D4E-9919-F5EC721BFE84}.Debug|x64.ActiveCfg = Debug|x64
		{40A5BC08-7309-3D4E-9919-F5EC721BFE84}.Debug|x64.Build.0 = Debug|x64
		{40A5BC08-7309-3D4E-9919-F5EC721BFE84}.Release|x64.ActiveCfg = Release|x64
		{40A5BC08-7309-3D4E-9919-F5EC721BFE84}.Release|x64.Build.0 = Release|x64
		{40A5BC08-7309-3D4E-9919-F5EC721BFE84}.MinSizeRel|x64.ActiveCfg = MinSizeRel|x64
		{40A5BC08-7309-3D4E-9919-F5EC721BFE84}.MinSizeRel|x64.Build.0 = MinSizeRel|x64
		{40A5BC08-7309-3D4E-9919-F5EC721BFE84}.RelWithDebInfo|x64.ActiveCfg = RelWithDebInfo|x64
		{40A5BC08-7309-3D4E-9919-F5EC721BFE84}.RelWithDebInfo|x64.Build.0 = RelWithDebInfo|x64
		{649DF6C3-C3FE-3F49-B3EB-EC613CF1EE3C}.Debug|x64.ActiveCfg = Debug|x64
		{649DF6C3-C3FE-3F49-B3EB-EC613CF1EE3C}.Debug|x64.Build.0 = Debug|x64
		{649DF6C3-C3FE-3F49-B3EB-EC613CF1EE3C}.Release|x64.ActiveCfg = Release|x64
		{649DF6C3-C3FE-3F49-B3EB-EC613CF1EE3C}.Release|x64.Build.0 = Release|x64
		{649DF6C3-C3FE-3F49-B3EB-EC613CF1EE3C}.MinSizeRel|x64.ActiveCfg = MinSizeRel|x64
		{649DF6C3-C3FE-3F49-B3EB-EC613CF1EE3C}.MinSizeRel|x64.Build.0 = MinSizeRel|x64
		{649DF6C3-C3FE-3F49-B3EB-EC613CF1EE3C}.RelWithDebInfo|x64.ActiveCfg = RelWithDebInfo|x64
		{649DF6C3-C3FE-3F49-B3EB-EC613CF1EE3C}.RelWithDebInfo|x64.Build.0 = RelWithDebInfo|x64
	EndGlobalSection
	GlobalSection(ExtensibilityGlobals) = postSolution
	EndGlobalSection
	GlobalSection(ExtensibilityAddIns) = postSolution
	EndGlobalSection
EndGlobal
